
Microsoft Visual Studio Solution File, Format Version 12.00
# Visual Studio Version 17
VisualStudioVersion = 17.3.32929.385
MinimumVisualStudioVersion = 10.0.40219.1
Project("{9A19103F-16F7-4668-BE54-9A1E7A4F7556}") = "Sec1.1", "Sec1.1\Sec1.1.csproj", "{D6376CD7-E941-460D-B0EB-2E45082CA418}"
EndProject
Project("{9A19103F-16F7-4668-BE54-9A1E7A4F7556}") = "Sec1.10", "Sec1.10\Sec1.10.csproj", "{CFBB4B53-9366-46C5-A505-8995E8E1CD09}"
EndProject
Project("{9A19103F-16F7-4668-BE54-9A1E7A4F7556}") = "Sec1.11Monitor", "Sec1.11Monitor\Sec1.11Monitor.csproj", "{8989CC89-AFAA-4667-B178-EA23FFD5DF33}"
EndProject
Project("{9A19103F-16F7-4668-BE54-9A1E7A4F7556}") = "Sec1.12Exception", "Sec1.12Exception\Sec1.12Exception.csproj", "{E3AE2409-0F48-4271-BB24-A2A34D73CA4E}"
EndProject
Project("{9A19103F-16F7-4668-BE54-9A1E7A4F7556}") = "Sec2.2", "Sec2.2\Sec2.2.csproj", "{066500A7-B0DB-463D-972B-0297C567BC77}"
EndProject
Project("{9A19103F-16F7-4668-BE54-9A1E7A4F7556}") = "Sec2.3Mutex", "Sec2.3Mutex\Sec2.3Mutex.csproj", "{DB860D08-7489-4C64-A390-BA42A9BFD014}"
EndProject
Project("{9A19103F-16F7-4668-BE54-9A1E7A4F7556}") = "Sec2.4", "Sec2.4\Sec2.4.csproj", "{47B8E432-3AF8-455A-820A-2B4E132A9D5D}"
EndProject
Project("{9A19103F-16F7-4668-BE54-9A1E7A4F7556}") = "sec2.5AutoResetEvent", "sec2.5AutoResetEvent\sec2.5AutoResetEvent.csproj", "{A6AD6DFD-D57E-42A0-B120-51DB4C963B0B}"
EndProject
Project("{FAE04EC0-301F-11D3-BF4B-00C04F79EFBC}") = "Sec2.6ManualResetEventSlim", "Sec2.6ManualResetEventSlim\Sec2.6ManualResetEventSlim.csproj", "{5512D043-F269-46D2-BE84-E47B3F876F72}"
EndProject
Project("{FAE04EC0-301F-11D3-BF4B-00C04F79EFBC}") = "Sec2.7CountDownEvent", "Sec2.7CountDownEvent\Sec2.7CountDownEvent.csproj", "{C4185048-67C5-4B22-9BDF-29939CE69E67}"
EndProject
Project("{FAE04EC0-301F-11D3-BF4B-00C04F79EFBC}") = "Sec2.8Barrier", "Sec2.8Barrier\Sec2.8Barrier.csproj", "{C7880988-05B1-41E8-AEE2-F9C84528DFCE}"
EndProject
Project("{FAE04EC0-301F-11D3-BF4B-00C04F79EFBC}") = "Sec2.9RWLock", "Sec2.9RWLock\Sec2.9RWLock.csproj", "{1BCBD2B1-64AF-4FC2-96B5-1BA580BB7EA1}"
EndProject
Global
	GlobalSection(SolutionConfigurationPlatforms) = preSolution
		Debug|Any CPU = Debug|Any CPU
		Debug|x64 = Debug|x64
		Debug|x86 = Debug|x86
		Release|Any CPU = Release|Any CPU
		Release|x64 = Release|x64
		Release|x86 = Release|x86
	EndGlobalSection
	GlobalSection(ProjectConfigurationPlatforms) = postSolution
		{D6376CD7-E941-460D-B0EB-2E45082CA418}.Debug|Any CPU.ActiveCfg = Debug|Any CPU
		{D6376CD7-E941-460D-B0EB-2E45082CA418}.Debug|Any CPU.Build.0 = Debug|Any CPU
		{D6376CD7-E941-460D-B0EB-2E45082CA418}.Debug|x64.ActiveCfg = Debug|Any CPU
		{D6376CD7-E941-460D-B0EB-2E45082CA418}.Debug|x64.Build.0 = Debug|Any CPU
		{D6376CD7-E941-460D-B0EB-2E45082CA418}.Debug|x86.ActiveCfg = Debug|Any CPU
		{D6376CD7-E941-460D-B0EB-2E45082CA418}.Debug|x86.Build.0 = Debug|Any CPU
		{D6376CD7-E941-460D-B0EB-2E45082CA418}.Release|Any CPU.ActiveCfg = Release|Any CPU
		{D6376CD7-E941-460D-B0EB-2E45082CA418}.Release|Any CPU.Build.0 = Release|Any CPU
		{D6376CD7-E941-460D-B0EB-2E45082CA418}.Release|x64.ActiveCfg = Release|Any CPU
		{D6376CD7-E941-460D-B0EB-2E45082CA418}.Release|x64.Build.0 = Release|Any CPU
		{D6376CD7-E941-460D-B0EB-2E45082CA418}.Release|x86.ActiveCfg = Release|Any CPU
		{D6376CD7-E941-460D-B0EB-2E45082CA418}.Release|x86.Build.0 = Release|Any CPU
		{CFBB4B53-9366-46C5-A505-8995E8E1CD09}.Debug|Any CPU.ActiveCfg = Debug|Any CPU
		{CFBB4B53-9366-46C5-A505-8995E8E1CD09}.Debug|Any CPU.Build.0 = Debug|Any CPU
		{CFBB4B53-9366-46C5-A505-8995E8E1CD09}.Debug|x64.ActiveCfg = Debug|Any CPU
		{CFBB4B53-9366-46C5-A505-8995E8E1CD09}.Debug|x64.Build.0 = Debug|Any CPU
		{CFBB4B53-9366-46C5-A505-8995E8E1CD09}.Debug|x86.ActiveCfg = Debug|Any CPU
		{CFBB4B53-9366-46C5-A505-8995E8E1CD09}.Debug|x86.Build.0 = Debug|Any CPU
		{CFBB4B53-9366-46C5-A505-8995E8E1CD09}.Release|Any CPU.ActiveCfg = Release|Any CPU
		{CFBB4B53-9366-46C5-A505-8995E8E1CD09}.Release|Any CPU.Build.0 = Release|Any CPU
		{CFBB4B53-9366-46C5-A505-8995E8E1CD09}.Release|x64.ActiveCfg = Release|Any CPU
		{CFBB4B53-9366-46C5-A505-8995E8E1CD09}.Release|x64.Build.0 = Release|Any CPU
		{CFBB4B53-9366-46C5-A505-8995E8E1CD09}.Release|x86.ActiveCfg = Release|Any CPU
		{CFBB4B53-9366-46C5-A505-8995E8E1CD09}.Release|x86.Build.0 = Release|Any CPU
		{8989CC89-AFAA-4667-B178-EA23FFD5DF33}.Debug|Any CPU.ActiveCfg = Debug|Any CPU
		{8989CC89-AFAA-4667-B178-EA23FFD5DF33}.Debug|Any CPU.Build.0 = Debug|Any CPU
		{8989CC89-AFAA-4667-B178-EA23FFD5DF33}.Debug|x64.ActiveCfg = Debug|Any CPU
		{8989CC89-AFAA-4667-B178-EA23FFD5DF33}.Debug|x64.Build.0 = Debug|Any CPU
		{8989CC89-AFAA-4667-B178-EA23FFD5DF33}.Debug|x86.ActiveCfg = Debug|Any CPU
		{8989CC89-AFAA-4667-B178-EA23FFD5DF33}.Debug|x86.Build.0 = Debug|Any CPU
		{8989CC89-AFAA-4667-B178-EA23FFD5DF33}.Release|Any CPU.ActiveCfg = Release|Any CPU
		{8989CC89-AFAA-4667-B178-EA23FFD5DF33}.Release|Any CPU.Build.0 = Release|Any CPU
		{8989CC89-AFAA-4667-B178-EA23FFD5DF33}.Release|x64.ActiveCfg = Release|Any CPU
		{8989CC89-AFAA-4667-B178-EA23FFD5DF33}.Release|x64.Build.0 = Release|Any CPU
		{8989CC89-AFAA-4667-B178-EA23FFD5DF33}.Release|x86.ActiveCfg = Release|Any CPU
		{8989CC89-AFAA-4667-B178-EA23FFD5DF33}.Release|x86.Build.0 = Release|Any CPU
		{E3AE2409-0F48-4271-BB24-A2A34D73CA4E}.Debug|Any CPU.ActiveCfg = Debug|Any CPU
		{E3AE2409-0F48-4271-BB24-A2A34D73CA4E}.Debug|Any CPU.Build.0 = Debug|Any CPU
		{E3AE2409-0F48-4271-BB24-A2A34D73CA4E}.Debug|x64.ActiveCfg = Debug|Any CPU
		{E3AE2409-0F48-4271-BB24-A2A34D73CA4E}.Debug|x64.Build.0 = Debug|Any CPU
		{E3AE2409-0F48-4271-BB24-A2A34D73CA4E}.Debug|x86.ActiveCfg = Debug|Any CPU
		{E3AE2409-0F48-4271-BB24-A2A34D73CA4E}.Debug|x86.Build.0 = Debug|Any CPU
		{E3AE2409-0F48-4271-BB24-A2A34D73CA4E}.Release|Any CPU.ActiveCfg = Release|Any CPU
		{E3AE2409-0F48-4271-BB24-A2A34D73CA4E}.Release|Any CPU.Build.0 = Release|Any CPU
		{E3AE2409-0F48-4271-BB24-A2A34D73CA4E}.Release|x64.ActiveCfg = Release|Any CPU
		{E3AE2409-0F48-4271-BB24-A2A34D73CA4E}.Release|x64.Build.0 = Release|Any CPU
		{E3AE2409-0F48-4271-BB24-A2A34D73CA4E}.Release|x86.ActiveCfg = Release|Any CPU
		{E3AE2409-0F48-4271-BB24-A2A34D73CA4E}.Release|x86.Build.0 = Release|Any CPU
		{066500A7-B0DB-463D-972B-0297C567BC77}.Debug|Any CPU.ActiveCfg = Debug|Any CPU
		{066500A7-B0DB-463D-972B-0297C567BC77}.Debug|Any CPU.Build.0 = Debug|Any CPU
		{066500A7-B0DB-463D-972B-0297C567BC77}.Debug|x64.ActiveCfg = Debug|Any CPU
		{066500A7-B0DB-463D-972B-0297C567BC77}.Debug|x64.Build.0 = Debug|Any CPU
		{066500A7-B0DB-463D-972B-0297C567BC77}.Debug|x86.ActiveCfg = Debug|Any CPU
		{066500A7-B0DB-463D-972B-0297C567BC77}.Debug|x86.Build.0 = Debug|Any CPU
		{066500A7-B0DB-463D-972B-0297C567BC77}.Release|Any CPU.ActiveCfg = Release|Any CPU
		{066500A7-B0DB-463D-972B-0297C567BC77}.Release|Any CPU.Build.0 = Release|Any CPU
		{066500A7-B0DB-463D-972B-0297C567BC77}.Release|x64.ActiveCfg = Release|Any CPU
		{066500A7-B0DB-463D-972B-0297C567BC77}.Release|x64.Build.0 = Release|Any CPU
		{066500A7-B0DB-463D-972B-0297C567BC77}.Release|x86.ActiveCfg = Release|Any CPU
		{066500A7-B0DB-463D-972B-0297C567BC77}.Release|x86.Build.0 = Release|Any CPU
		{DB860D08-7489-4C64-A390-BA42A9BFD014}.Debug|Any CPU.ActiveCfg = Debug|Any CPU
		{DB860D08-7489-4C64-A390-BA42A9BFD014}.Debug|Any CPU.Build.0 = Debug|Any CPU
		{DB860D08-7489-4C64-A390-BA42A9BFD014}.Debug|x64.ActiveCfg = Debug|Any CPU
		{DB860D08-7489-4C64-A390-BA42A9BFD014}.Debug|x64.Build.0 = Debug|Any CPU
		{DB860D08-7489-4C64-A390-BA42A9BFD014}.Debug|x86.ActiveCfg = Debug|Any CPU
		{DB860D08-7489-4C64-A390-BA42A9BFD014}.Debug|x86.Build.0 = Debug|Any CPU
		{DB860D08-7489-4C64-A390-BA42A9BFD014}.Release|Any CPU.ActiveCfg = Release|Any CPU
		{DB860D08-7489-4C64-A390-BA42A9BFD014}.Release|Any CPU.Build.0 = Release|Any CPU
		{DB860D08-7489-4C64-A390-BA42A9BFD014}.Release|x64.ActiveCfg = Release|Any CPU
		{DB860D08-7489-4C64-A390-BA42A9BFD014}.Release|x64.Build.0 = Release|Any CPU
		{DB860D08-7489-4C64-A390-BA42A9BFD014}.Release|x86.ActiveCfg = Release|Any CPU
		{DB860D08-7489-4C64-A390-BA42A9BFD014}.Release|x86.Build.0 = Release|Any CPU
		{47B8E432-3AF8-455A-820A-2B4E132A9D5D}.Debug|Any CPU.ActiveCfg = Debug|Any CPU
		{47B8E432-3AF8-455A-820A-2B4E132A9D5D}.Debug|Any CPU.Build.0 = Debug|Any CPU
		{47B8E432-3AF8-455A-820A-2B4E132A9D5D}.Debug|x64.ActiveCfg = Debug|Any CPU
		{47B8E432-3AF8-455A-820A-2B4E132A9D5D}.Debug|x64.Build.0 = Debug|Any CPU
		{47B8E432-3AF8-455A-820A-2B4E132A9D5D}.Debug|x86.ActiveCfg = Debug|Any CPU
		{47B8E432-3AF8-455A-820A-2B4E132A9D5D}.Debug|x86.Build.0 = Debug|Any CPU
		{47B8E432-3AF8-455A-820A-2B4E132A9D5D}.Release|Any CPU.ActiveCfg = Release|Any CPU
		{47B8E432-3AF8-455A-820A-2B4E132A9D5D}.Release|Any CPU.Build.0 = Release|Any CPU
		{47B8E432-3AF8-455A-820A-2B4E132A9D5D}.Release|x64.ActiveCfg = Release|Any CPU
		{47B8E432-3AF8-455A-820A-2B4E132A9D5D}.Release|x64.Build.0 = Release|Any CPU
		{47B8E432-3AF8-455A-820A-2B4E132A9D5D}.Release|x86.ActiveCfg = Release|Any CPU
		{47B8E432-3AF8-455A-820A-2B4E132A9D5D}.Release|x86.Build.0 = Release|Any CPU
		{A6AD6DFD-D57E-42A0-B120-51DB4C963B0B}.Debug|Any CPU.ActiveCfg = Debug|Any CPU
		{A6AD6DFD-D57E-42A0-B120-51DB4C963B0B}.Debug|Any CPU.Build.0 = Debug|Any CPU
		{A6AD6DFD-D57E-42A0-B120-51DB4C963B0B}.Debug|x64.ActiveCfg = Debug|Any CPU
		{A6AD6DFD-D57E-42A0-B120-51DB4C963B0B}.Debug|x64.Build.0 = Debug|Any CPU
		{A6AD6DFD-D57E-42A0-B120-51DB4C963B0B}.Debug|x86.ActiveCfg = Debug|Any CPU
		{A6AD6DFD-D57E-42A0-B120-51DB4C963B0B}.Debug|x86.Build.0 = Debug|Any CPU
		{A6AD6DFD-D57E-42A0-B120-51DB4C963B0B}.Release|Any CPU.ActiveCfg = Release|Any CPU
		{A6AD6DFD-D57E-42A0-B120-51DB4C963B0B}.Release|Any CPU.Build.0 = Release|Any CPU
		{A6AD6DFD-D57E-42A0-B120-51DB4C963B0B}.Release|x64.ActiveCfg = Release|Any CPU
		{A6AD6DFD-D57E-42A0-B120-51DB4C963B0B}.Release|x64.Build.0 = Release|Any CPU
		{A6AD6DFD-D57E-42A0-B120-51DB4C963B0B}.Release|x86.ActiveCfg = Release|Any CPU
		{A6AD6DFD-D57E-42A0-B120-51DB4C963B0B}.Release|x86.Build.0 = Release|Any CPU
		{5512D043-F269-46D2-BE84-E47B3F876F72}.Debug|Any CPU.ActiveCfg = Debug|Any CPU
		{5512D043-F269-46D2-BE84-E47B3F876F72}.Debug|Any CPU.Build.0 = Debug|Any CPU
		{5512D043-F269-46D2-BE84-E47B3F876F72}.Debug|x64.ActiveCfg = Debug|Any CPU
		{5512D043-F269-46D2-BE84-E47B3F876F72}.Debug|x64.Build.0 = Debug|Any CPU
		{5512D043-F269-46D2-BE84-E47B3F876F72}.Debug|x86.ActiveCfg = Debug|Any CPU
		{5512D043-F269-46D2-BE84-E47B3F876F72}.Debug|x86.Build.0 = Debug|Any CPU
		{5512D043-F269-46D2-BE84-E47B3F876F72}.Release|Any CPU.ActiveCfg = Release|Any CPU
		{5512D043-F269-46D2-BE84-E47B3F876F72}.Release|Any CPU.Build.0 = Release|Any CPU
		{5512D043-F269-46D2-BE84-E47B3F876F72}.Release|x64.ActiveCfg = Release|Any CPU
		{5512D043-F269-46D2-BE84-E47B3F876F72}.Release|x64.Build.0 = Release|Any CPU
		{5512D043-F269-46D2-BE84-E47B3F876F72}.Release|x86.ActiveCfg = Release|Any CPU
		{5512D043-F269-46D2-BE84-E47B3F876F72}.Release|x86.Build.0 = Release|Any CPU
		{C4185048-67C5-4B22-9BDF-29939CE69E67}.Debug|Any CPU.ActiveCfg = Debug|Any CPU
		{C4185048-67C5-4B22-9BDF-29939CE69E67}.Debug|Any CPU.Build.0 = Debug|Any CPU
		{C4185048-67C5-4B22-9BDF-29939CE69E67}.Debug|x64.ActiveCfg = Debug|Any CPU
		{C4185048-67C5-4B22-9BDF-29939CE69E67}.Debug|x64.Build.0 = Debug|Any CPU
		{C4185048-67C5-4B22-9BDF-29939CE69E67}.Debug|x86.ActiveCfg = Debug|Any CPU
		{C4185048-67C5-4B22-9BDF-29939CE69E67}.Debug|x86.Build.0 = Debug|Any CPU
		{C4185048-67C5-4B22-9BDF-29939CE69E67}.Release|Any CPU.ActiveCfg = Release|Any CPU
		{C4185048-67C5-4B22-9BDF-29939CE69E67}.Release|Any CPU.Build.0 = Release|Any CPU
		{C4185048-67C5-4B22-9BDF-29939CE69E67}.Release|x64.ActiveCfg = Release|Any CPU
		{C4185048-67C5-4B22-9BDF-29939CE69E67}.Release|x64.Build.0 = Release|Any CPU
		{C4185048-67C5-4B22-9BDF-29939CE69E67}.Release|x86.ActiveCfg = Release|Any CPU
		{C4185048-67C5-4B22-9BDF-29939CE69E67}.Release|x86.Build.0 = Release|Any CPU
		{C7880988-05B1-41E8-AEE2-F9C84528DFCE}.Debug|Any CPU.ActiveCfg = Debug|Any CPU
		{C7880988-05B1-41E8-AEE2-F9C84528DFCE}.Debug|Any CPU.Build.0 = Debug|Any CPU
		{C7880988-05B1-41E8-AEE2-F9C84528DFCE}.Debug|x64.ActiveCfg = Debug|Any CPU
		{C7880988-05B1-41E8-AEE2-F9C84528DFCE}.Debug|x64.Build.0 = Debug|Any CPU
		{C7880988-05B1-41E8-AEE2-F9C84528DFCE}.Debug|x86.ActiveCfg = Debug|Any CPU
		{C7880988-05B1-41E8-AEE2-F9C84528DFCE}.Debug|x86.Build.0 = Debug|Any CPU
		{C7880988-05B1-41E8-AEE2-F9C84528DFCE}.Release|Any CPU.ActiveCfg = Release|Any CPU
		{C7880988-05B1-41E8-AEE2-F9C84528DFCE}.Release|Any CPU.Build.0 = Release|Any CPU
		{C7880988-05B1-41E8-AEE2-F9C84528DFCE}.Release|x64.ActiveCfg = Release|Any CPU
		{C7880988-05B1-41E8-AEE2-F9C84528DFCE}.Release|x64.Build.0 = Release|Any CPU
		{C7880988-05B1-41E8-AEE2-F9C84528DFCE}.Release|x86.ActiveCfg = Release|Any CPU
		{C7880988-05B1-41E8-AEE2-F9C84528DFCE}.Release|x86.Build.0 = Release|Any CPU
		{1BCBD2B1-64AF-4FC2-96B5-1BA580BB7EA1}.Debug|Any CPU.ActiveCfg = Debug|Any CPU
		{1BCBD2B1-64AF-4FC2-96B5-1BA580BB7EA1}.Debug|Any CPU.Build.0 = Debug|Any CPU
		{1BCBD2B1-64AF-4FC2-96B5-1BA580BB7EA1}.Debug|x64.ActiveCfg = Debug|Any CPU
		{1BCBD2B1-64AF-4FC2-96B5-1BA580BB7EA1}.Debug|x64.Build.0 = Debug|Any CPU
		{1BCBD2B1-64AF-4FC2-96B5-1BA580BB7EA1}.Debug|x86.ActiveCfg = Debug|Any CPU
		{1BCBD2B1-64AF-4FC2-96B5-1BA580BB7EA1}.Debug|x86.Build.0 = Debug|Any CPU
		{1BCBD2B1-64AF-4FC2-96B5-1BA580BB7EA1}.Release|Any CPU.ActiveCfg = Release|Any CPU
		{1BCBD2B1-64AF-4FC2-96B5-1BA580BB7EA1}.Release|Any CPU.Build.0 = Release|Any CPU
		{1BCBD2B1-64AF-4FC2-96B5-1BA580BB7EA1}.Release|x64.ActiveCfg = Release|Any CPU
		{1BCBD2B1-64AF-4FC2-96B5-1BA580BB7EA1}.Release|x64.Build.0 = Release|Any CPU
		{1BCBD2B1-64AF-4FC2-96B5-1BA580BB7EA1}.Release|x86.ActiveCfg = Release|Any CPU
		{1BCBD2B1-64AF-4FC2-96B5-1BA580BB7EA1}.Release|x86.Build.0 = Release|Any CPU
	EndGlobalSection
	GlobalSection(SolutionProperties) = preSolution
		HideSolutionNode = FALSE
	EndGlobalSection
	GlobalSection(ExtensibilityGlobals) = postSolution
		SolutionGuid = {9591F3E4-957B-49C1-B6E0-4C44E94AE163}
	EndGlobalSection
EndGlobal
