
Microsoft Visual Studio Solution File, Format Version 12.00
# Visual Studio Version 17
VisualStudioVersion = 17.3.32929.385
MinimumVisualStudioVersion = 10.0.40219.1
Project("{2150E333-8FDC-42A3-9474-1A3956D46DE8}") = "3. MultiFrame", "3. MultiFrame", "{9B515206-CE24-43D7-812E-1F3D6E27BEF8}"
EndProject
Project("{9A19103F-16F7-4668-BE54-9A1E7A4F7556}") = "Del1", "Del1\Del1.csproj", "{FAEC5216-6BAA-4BAA-B66D-77B773B38408}"
EndProject
Project("{9A19103F-16F7-4668-BE54-9A1E7A4F7556}") = "Sec1.1", "Sec1.1\Sec1.1.csproj", "{D6376CD7-E941-460D-B0EB-2E45082CA418}"
EndProject
Project("{9A19103F-16F7-4668-BE54-9A1E7A4F7556}") = "Sec1.10", "Sec1.10\Sec1.10.csproj", "{CFBB4B53-9366-46C5-A505-8995E8E1CD09}"
EndProject
Project("{9A19103F-16F7-4668-BE54-9A1E7A4F7556}") = "MonitorTest", "Monitor\MonitorTest.csproj", "{EB8CDCAA-7A60-4CCE-9DF4-A3B7362AC94B}"
EndProject
Project("{9A19103F-16F7-4668-BE54-9A1E7A4F7556}") = "Sec1.11Monitor", "Sec1.11Monitor\Sec1.11Monitor.csproj", "{8989CC89-AFAA-4667-B178-EA23FFD5DF33}"
EndProject
Project("{9A19103F-16F7-4668-BE54-9A1E7A4F7556}") = "Sec1.12Exception", "Sec1.12Exception\Sec1.12Exception.csproj", "{E3AE2409-0F48-4271-BB24-A2A34D73CA4E}"
EndProject
Project("{9A19103F-16F7-4668-BE54-9A1E7A4F7556}") = "Sec2.2", "Sec2.2\Sec2.2.csproj", "{066500A7-B0DB-463D-972B-0297C567BC77}"
EndProject
Project("{9A19103F-16F7-4668-BE54-9A1E7A4F7556}") = "Sec2.3Mutex", "Sec2.3Mutex\Sec2.3Mutex.csproj", "{DB860D08-7489-4C64-A390-BA42A9BFD014}"
EndProject
Project("{9A19103F-16F7-4668-BE54-9A1E7A4F7556}") = "Sec2.4", "Sec2.4\Sec2.4.csproj", "{47B8E432-3AF8-455A-820A-2B4E132A9D5D}"
EndProject
Project("{9A19103F-16F7-4668-BE54-9A1E7A4F7556}") = "sec2.5AutoResetEvent", "sec2.5AutoResetEvent\sec2.5AutoResetEvent.csproj", "{A6AD6DFD-D57E-42A0-B120-51DB4C963B0B}"
EndProject
Global
	GlobalSection(SolutionConfigurationPlatforms) = preSolution
		Debug|Any CPU = Debug|Any CPU
		Release|Any CPU = Release|Any CPU
	EndGlobalSection
	GlobalSection(ProjectConfigurationPlatforms) = postSolution
		{FAEC5216-6BAA-4BAA-B66D-77B773B38408}.Debug|Any CPU.ActiveCfg = Debug|Any CPU
		{FAEC5216-6BAA-4BAA-B66D-77B773B38408}.Debug|Any CPU.Build.0 = Debug|Any CPU
		{FAEC5216-6BAA-4BAA-B66D-77B773B38408}.Release|Any CPU.ActiveCfg = Release|Any CPU
		{FAEC5216-6BAA-4BAA-B66D-77B773B38408}.Release|Any CPU.Build.0 = Release|Any CPU
		{D6376CD7-E941-460D-B0EB-2E45082CA418}.Debug|Any CPU.ActiveCfg = Debug|Any CPU
		{D6376CD7-E941-460D-B0EB-2E45082CA418}.Debug|Any CPU.Build.0 = Debug|Any CPU
		{D6376CD7-E941-460D-B0EB-2E45082CA418}.Release|Any CPU.ActiveCfg = Release|Any CPU
		{D6376CD7-E941-460D-B0EB-2E45082CA418}.Release|Any CPU.Build.0 = Release|Any CPU
		{CFBB4B53-9366-46C5-A505-8995E8E1CD09}.Debug|Any CPU.ActiveCfg = Debug|Any CPU
		{CFBB4B53-9366-46C5-A505-8995E8E1CD09}.Debug|Any CPU.Build.0 = Debug|Any CPU
		{CFBB4B53-9366-46C5-A505-8995E8E1CD09}.Release|Any CPU.ActiveCfg = Release|Any CPU
		{CFBB4B53-9366-46C5-A505-8995E8E1CD09}.Release|Any CPU.Build.0 = Release|Any CPU
		{EB8CDCAA-7A60-4CCE-9DF4-A3B7362AC94B}.Debug|Any CPU.ActiveCfg = Debug|Any CPU
		{EB8CDCAA-7A60-4CCE-9DF4-A3B7362AC94B}.Debug|Any CPU.Build.0 = Debug|Any CPU
		{EB8CDCAA-7A60-4CCE-9DF4-A3B7362AC94B}.Release|Any CPU.ActiveCfg = Release|Any CPU
		{EB8CDCAA-7A60-4CCE-9DF4-A3B7362AC94B}.Release|Any CPU.Build.0 = Release|Any CPU
		{8989CC89-AFAA-4667-B178-EA23FFD5DF33}.Debug|Any CPU.ActiveCfg = Debug|Any CPU
		{8989CC89-AFAA-4667-B178-EA23FFD5DF33}.Debug|Any CPU.Build.0 = Debug|Any CPU
		{8989CC89-AFAA-4667-B178-EA23FFD5DF33}.Release|Any CPU.ActiveCfg = Release|Any CPU
		{8989CC89-AFAA-4667-B178-EA23FFD5DF33}.Release|Any CPU.Build.0 = Release|Any CPU
		{E3AE2409-0F48-4271-BB24-A2A34D73CA4E}.Debug|Any CPU.ActiveCfg = Debug|Any CPU
		{E3AE2409-0F48-4271-BB24-A2A34D73CA4E}.Debug|Any CPU.Build.0 = Debug|Any CPU
		{E3AE2409-0F48-4271-BB24-A2A34D73CA4E}.Release|Any CPU.ActiveCfg = Release|Any CPU
		{E3AE2409-0F48-4271-BB24-A2A34D73CA4E}.Release|Any CPU.Build.0 = Release|Any CPU
		{066500A7-B0DB-463D-972B-0297C567BC77}.Debug|Any CPU.ActiveCfg = Debug|Any CPU
		{066500A7-B0DB-463D-972B-0297C567BC77}.Debug|Any CPU.Build.0 = Debug|Any CPU
		{066500A7-B0DB-463D-972B-0297C567BC77}.Release|Any CPU.ActiveCfg = Release|Any CPU
		{066500A7-B0DB-463D-972B-0297C567BC77}.Release|Any CPU.Build.0 = Release|Any CPU
		{DB860D08-7489-4C64-A390-BA42A9BFD014}.Debug|Any CPU.ActiveCfg = Debug|Any CPU
		{DB860D08-7489-4C64-A390-BA42A9BFD014}.Debug|Any CPU.Build.0 = Debug|Any CPU
		{DB860D08-7489-4C64-A390-BA42A9BFD014}.Release|Any CPU.ActiveCfg = Release|Any CPU
		{DB860D08-7489-4C64-A390-BA42A9BFD014}.Release|Any CPU.Build.0 = Release|Any CPU
		{47B8E432-3AF8-455A-820A-2B4E132A9D5D}.Debug|Any CPU.ActiveCfg = Debug|Any CPU
		{47B8E432-3AF8-455A-820A-2B4E132A9D5D}.Debug|Any CPU.Build.0 = Debug|Any CPU
		{47B8E432-3AF8-455A-820A-2B4E132A9D5D}.Release|Any CPU.ActiveCfg = Release|Any CPU
		{47B8E432-3AF8-455A-820A-2B4E132A9D5D}.Release|Any CPU.Build.0 = Release|Any CPU
		{A6AD6DFD-D57E-42A0-B120-51DB4C963B0B}.Debug|Any CPU.ActiveCfg = Debug|Any CPU
		{A6AD6DFD-D57E-42A0-B120-51DB4C963B0B}.Debug|Any CPU.Build.0 = Debug|Any CPU
		{A6AD6DFD-D57E-42A0-B120-51DB4C963B0B}.Release|Any CPU.ActiveCfg = Release|Any CPU
		{A6AD6DFD-D57E-42A0-B120-51DB4C963B0B}.Release|Any CPU.Build.0 = Release|Any CPU
	EndGlobalSection
	GlobalSection(SolutionProperties) = preSolution
		HideSolutionNode = FALSE
	EndGlobalSection
	GlobalSection(NestedProjects) = preSolution
		{FAEC5216-6BAA-4BAA-B66D-77B773B38408} = {9B515206-CE24-43D7-812E-1F3D6E27BEF8}
		{D6376CD7-E941-460D-B0EB-2E45082CA418} = {9B515206-CE24-43D7-812E-1F3D6E27BEF8}
		{CFBB4B53-9366-46C5-A505-8995E8E1CD09} = {9B515206-CE24-43D7-812E-1F3D6E27BEF8}
		{EB8CDCAA-7A60-4CCE-9DF4-A3B7362AC94B} = {9B515206-CE24-43D7-812E-1F3D6E27BEF8}
		{8989CC89-AFAA-4667-B178-EA23FFD5DF33} = {9B515206-CE24-43D7-812E-1F3D6E27BEF8}
		{E3AE2409-0F48-4271-BB24-A2A34D73CA4E} = {9B515206-CE24-43D7-812E-1F3D6E27BEF8}
		{066500A7-B0DB-463D-972B-0297C567BC77} = {9B515206-CE24-43D7-812E-1F3D6E27BEF8}
		{DB860D08-7489-4C64-A390-BA42A9BFD014} = {9B515206-CE24-43D7-812E-1F3D6E27BEF8}
		{47B8E432-3AF8-455A-820A-2B4E132A9D5D} = {9B515206-CE24-43D7-812E-1F3D6E27BEF8}
		{A6AD6DFD-D57E-42A0-B120-51DB4C963B0B} = {9B515206-CE24-43D7-812E-1F3D6E27BEF8}
	EndGlobalSection
	GlobalSection(ExtensibilityGlobals) = postSolution
		SolutionGuid = {9591F3E4-957B-49C1-B6E0-4C44E94AE163}
	EndGlobalSection
EndGlobal
